
Microsoft Visual Studio Solution File, Format Version 12.00
# Visual Studio Version 17
VisualStudioVersion = 17.3.32922.545
MinimumVisualStudioVersion = 10.0.40219.1
Project("{9A19103F-16F7-4668-BE54-9A1E7A4F7556}") = "ConsoleApp9", "ConsoleApp9\ConsoleApp9.csproj", "{AA55E0D5-655C-4026-BE45-A35DA8ABA64C}"
EndProject
Project("{9A19103F-16F7-4668-BE54-9A1E7A4F7556}") = "Chapter4", "Chapter4\Chapter4.csproj", "{26C8B55C-8A42-4454-9307-61A441AE39FB}"
EndProject
Project("{9A19103F-16F7-4668-BE54-9A1E7A4F7556}") = "chapter5", "chapter5\chapter5.csproj", "{91463E07-36E1-457C-B5EF-B4621142C89C}"
EndProject
Project("{9A19103F-16F7-4668-BE54-9A1E7A4F7556}") = "Chapter5.Shared", "Chapter5.Shared\Chapter5.Shared.csproj", "{EB6DB796-1EFD-4914-92AE-0888F3F2BA51}"
EndProject
Project("{FAE04EC0-301F-11D3-BF4B-00C04F79EFBC}") = "Chapter6.Run", "Chapter6.Run\Chapter6.Run.csproj", "{8761FF7E-B7D2-40BB-A726-2DD0D69FFAB9}"
EndProject
Project("{FAE04EC0-301F-11D3-BF4B-00C04F79EFBC}") = "Chapter6.Data", "Chapter6.Data\Chapter6.Data.csproj", "{AE93459D-651B-4D9B-8CE5-5984A91328AB}"
EndProject
Global
	GlobalSection(SolutionConfigurationPlatforms) = preSolution
		Debug|Any CPU = Debug|Any CPU
		Release|Any CPU = Release|Any CPU
	EndGlobalSection
	GlobalSection(ProjectConfigurationPlatforms) = postSolution
		{AA55E0D5-655C-4026-BE45-A35DA8ABA64C}.Debug|Any CPU.ActiveCfg = Debug|Any CPU
		{AA55E0D5-655C-4026-BE45-A35DA8ABA64C}.Debug|Any CPU.Build.0 = Debug|Any CPU
		{AA55E0D5-655C-4026-BE45-A35DA8ABA64C}.Release|Any CPU.ActiveCfg = Release|Any CPU
		{AA55E0D5-655C-4026-BE45-A35DA8ABA64C}.Release|Any CPU.Build.0 = Release|Any CPU
		{26C8B55C-8A42-4454-9307-61A441AE39FB}.Debug|Any CPU.ActiveCfg = Debug|Any CPU
		{26C8B55C-8A42-4454-9307-61A441AE39FB}.Debug|Any CPU.Build.0 = Debug|Any CPU
		{26C8B55C-8A42-4454-9307-61A441AE39FB}.Release|Any CPU.ActiveCfg = Release|Any CPU
		{26C8B55C-8A42-4454-9307-61A441AE39FB}.Release|Any CPU.Build.0 = Release|Any CPU
		{91463E07-36E1-457C-B5EF-B4621142C89C}.Debug|Any CPU.ActiveCfg = Debug|Any CPU
		{91463E07-36E1-457C-B5EF-B4621142C89C}.Debug|Any CPU.Build.0 = Debug|Any CPU
		{91463E07-36E1-457C-B5EF-B4621142C89C}.Release|Any CPU.ActiveCfg = Release|Any CPU
		{91463E07-36E1-457C-B5EF-B4621142C89C}.Release|Any CPU.Build.0 = Release|Any CPU
		{EB6DB796-1EFD-4914-92AE-0888F3F2BA51}.Debug|Any CPU.ActiveCfg = Debug|Any CPU
		{EB6DB796-1EFD-4914-92AE-0888F3F2BA51}.Debug|Any CPU.Build.0 = Debug|Any CPU
		{EB6DB796-1EFD-4914-92AE-0888F3F2BA51}.Release|Any CPU.ActiveCfg = Release|Any CPU
		{EB6DB796-1EFD-4914-92AE-0888F3F2BA51}.Release|Any CPU.Build.0 = Release|Any CPU
		{8761FF7E-B7D2-40BB-A726-2DD0D69FFAB9}.Debug|Any CPU.ActiveCfg = Debug|Any CPU
		{8761FF7E-B7D2-40BB-A726-2DD0D69FFAB9}.Debug|Any CPU.Build.0 = Debug|Any CPU
		{8761FF7E-B7D2-40BB-A726-2DD0D69FFAB9}.Release|Any CPU.ActiveCfg = Release|Any CPU
		{8761FF7E-B7D2-40BB-A726-2DD0D69FFAB9}.Release|Any CPU.Build.0 = Release|Any CPU
		{AE93459D-651B-4D9B-8CE5-5984A91328AB}.Debug|Any CPU.ActiveCfg = Debug|Any CPU
		{AE93459D-651B-4D9B-8CE5-5984A91328AB}.Debug|Any CPU.Build.0 = Debug|Any CPU
		{AE93459D-651B-4D9B-8CE5-5984A91328AB}.Release|Any CPU.ActiveCfg = Release|Any CPU
		{AE93459D-651B-4D9B-8CE5-5984A91328AB}.Release|Any CPU.Build.0 = Release|Any CPU
	EndGlobalSection
	GlobalSection(SolutionProperties) = preSolution
		HideSolutionNode = FALSE
	EndGlobalSection
	GlobalSection(ExtensibilityGlobals) = postSolution
		SolutionGuid = {E1F92F1D-18E9-4120-BF34-DBD973681E41}
	EndGlobalSection
EndGlobal
